
Microsoft Visual Studio Solution File, Format Version 12.00
# Visual Studio 15
VisualStudioVersion = 15.0.26124.0
MinimumVisualStudioVersion = 15.0.26124.0
Project("{FAE04EC0-301F-11D3-BF4B-00C04F79EFBC}") = "LogInClient", "LoginClient\LogInClient.csproj", "{DC845160-01C7-45D4-AF54-BE249BE4AAF0}"
EndProject
Project("{FAE04EC0-301F-11D3-BF4B-00C04F79EFBC}") = "LoginLibrary", "LoginLibrary\LoginLibrary.csproj", "{44095530-547D-4068-9114-E991DDAC4FDA}"
EndProject
Global
	GlobalSection(SolutionConfigurationPlatforms) = preSolution
		Debug|Any CPU = Debug|Any CPU
		Debug|x64 = Debug|x64
		Debug|x86 = Debug|x86
		Release|Any CPU = Release|Any CPU
		Release|x64 = Release|x64
		Release|x86 = Release|x86
	EndGlobalSection
	GlobalSection(SolutionProperties) = preSolution
		HideSolutionNode = FALSE
	EndGlobalSection
	GlobalSection(ProjectConfigurationPlatforms) = postSolution
		{DC845160-01C7-45D4-AF54-BE249BE4AAF0}.Debug|Any CPU.ActiveCfg = Debug|Any CPU
		{DC845160-01C7-45D4-AF54-BE249BE4AAF0}.Debug|Any CPU.Build.0 = Debug|Any CPU
		{DC845160-01C7-45D4-AF54-BE249BE4AAF0}.Debug|x64.ActiveCfg = Debug|Any CPU
		{DC845160-01C7-45D4-AF54-BE249BE4AAF0}.Debug|x64.Build.0 = Debug|Any CPU
		{DC845160-01C7-45D4-AF54-BE249BE4AAF0}.Debug|x86.ActiveCfg = Debug|Any CPU
		{DC845160-01C7-45D4-AF54-BE249BE4AAF0}.Debug|x86.Build.0 = Debug|Any CPU
		{DC845160-01C7-45D4-AF54-BE249BE4AAF0}.Release|Any CPU.ActiveCfg = Release|Any CPU
		{DC845160-01C7-45D4-AF54-BE249BE4AAF0}.Release|Any CPU.Build.0 = Release|Any CPU
		{DC845160-01C7-45D4-AF54-BE249BE4AAF0}.Release|x64.ActiveCfg = Release|Any CPU
		{DC845160-01C7-45D4-AF54-BE249BE4AAF0}.Release|x64.Build.0 = Release|Any CPU
		{DC845160-01C7-45D4-AF54-BE249BE4AAF0}.Release|x86.ActiveCfg = Release|Any CPU
		{DC845160-01C7-45D4-AF54-BE249BE4AAF0}.Release|x86.Build.0 = Release|Any CPU
		{44095530-547D-4068-9114-E991DDAC4FDA}.Debug|Any CPU.ActiveCfg = Debug|Any CPU
		{44095530-547D-4068-9114-E991DDAC4FDA}.Debug|Any CPU.Build.0 = Debug|Any CPU
		{44095530-547D-4068-9114-E991DDAC4FDA}.Debug|x64.ActiveCfg = Debug|Any CPU
		{44095530-547D-4068-9114-E991DDAC4FDA}.Debug|x64.Build.0 = Debug|Any CPU
		{44095530-547D-4068-9114-E991DDAC4FDA}.Debug|x86.ActiveCfg = Debug|Any CPU
		{44095530-547D-4068-9114-E991DDAC4FDA}.Debug|x86.Build.0 = Debug|Any CPU
		{44095530-547D-4068-9114-E991DDAC4FDA}.Release|Any CPU.ActiveCfg = Release|Any CPU
		{44095530-547D-4068-9114-E991DDAC4FDA}.Release|Any CPU.Build.0 = Release|Any CPU
		{44095530-547D-4068-9114-E991DDAC4FDA}.Release|x64.ActiveCfg = Release|Any CPU
		{44095530-547D-4068-9114-E991DDAC4FDA}.Release|x64.Build.0 = Release|Any CPU
		{44095530-547D-4068-9114-E991DDAC4FDA}.Release|x86.ActiveCfg = Release|Any CPU
		{44095530-547D-4068-9114-E991DDAC4FDA}.Release|x86.Build.0 = Release|Any CPU
	EndGlobalSection
EndGlobal
